
Microsoft Visual Studio Solution File, Format Version 12.00
# Visual Studio 2013
VisualStudioVersion = 12.0.31101.0
MinimumVisualStudioVersion = 10.0.40219.1
Project("{FAE04EC0-301F-11D3-BF4B-00C04F79EFBC}") = "Sturnus.Wpf.DynamicContentControl", "Sturnus.Wpf.DynamicContentControl\Sturnus.Wpf.DynamicContentControl.csproj", "{B925D08A-BBFA-4E8C-A31B-F5A1AB5BFB5F}"
EndProject
Project("{FAE04EC0-301F-11D3-BF4B-00C04F79EFBC}") = "Sturnus.Wpf.DynamicContentControl.Demo", "Sturnus.Wpf.DynamicContentControl.Demo\Sturnus.Wpf.DynamicContentControl.Demo.csproj", "{DCAFC696-CB6D-409E-8A94-0F6811C5B17D}"
EndProject
Global
	GlobalSection(SolutionConfigurationPlatforms) = preSolution
		Debug|Any CPU = Debug|Any CPU
		Release|Any CPU = Release|Any CPU
	EndGlobalSection
	GlobalSection(ProjectConfigurationPlatforms) = postSolution
		{B925D08A-BBFA-4E8C-A31B-F5A1AB5BFB5F}.Debug|Any CPU.ActiveCfg = Debug|Any CPU
		{B925D08A-BBFA-4E8C-A31B-F5A1AB5BFB5F}.Debug|Any CPU.Build.0 = Debug|Any CPU
		{B925D08A-BBFA-4E8C-A31B-F5A1AB5BFB5F}.Release|Any CPU.ActiveCfg = Release|Any CPU
		{B925D08A-BBFA-4E8C-A31B-F5A1AB5BFB5F}.Release|Any CPU.Build.0 = Release|Any CPU
		{DCAFC696-CB6D-409E-8A94-0F6811C5B17D}.Debug|Any CPU.ActiveCfg = Debug|Any CPU
		{DCAFC696-CB6D-409E-8A94-0F6811C5B17D}.Debug|Any CPU.Build.0 = Debug|Any CPU
		{DCAFC696-CB6D-409E-8A94-0F6811C5B17D}.Release|Any CPU.ActiveCfg = Release|Any CPU
		{DCAFC696-CB6D-409E-8A94-0F6811C5B17D}.Release|Any CPU.Build.0 = Release|Any CPU
	EndGlobalSection
	GlobalSection(SolutionProperties) = preSolution
		HideSolutionNode = FALSE
	EndGlobalSection
EndGlobal
